// !$*UTF8*$!
{
	archiveVersion = 1;
	classes = {
	};
	objectVersion = 48;
	objects = {

/* Begin PBXBuildFile section */
		7FBF59542028EA5D00CF680D /* AppDelegate.swift in Sources */ = {isa = PBXBuildFile; fileRef = 7FBF59532028EA5D00CF680D /* AppDelegate.swift */; };
		7FBF59562028EA5D00CF680D /* ViewController.swift in Sources */ = {isa = PBXBuildFile; fileRef = 7FBF59552028EA5D00CF680D /* ViewController.swift */; };
		7FBF59592028EA5D00CF680D /* Main.storyboard in Resources */ = {isa = PBXBuildFile; fileRef = 7FBF59572028EA5D00CF680D /* Main.storyboard */; };
		7FBF595B2028EA5D00CF680D /* Assets.xcassets in Resources */ = {isa = PBXBuildFile; fileRef = 7FBF595A2028EA5D00CF680D /* Assets.xcassets */; };
		7FBF595E2028EA5D00CF680D /* LaunchScreen.storyboard in Resources */ = {isa = PBXBuildFile; fileRef = 7FBF595C2028EA5D00CF680D /* LaunchScreen.storyboard */; };
		7FBF59692028EA5D00CF680D /* HackwichThreeTests.swift in Sources */ = {isa = PBXBuildFile; fileRef = 7FBF59682028EA5D00CF680D /* HackwichThreeTests.swift */; };
		7FBF59742028EA5D00CF680D /* HackwichThreeUITests.swift in Sources */ = {isa = PBXBuildFile; fileRef = 7FBF59732028EA5D00CF680D /* HackwichThreeUITests.swift */; };
		7FBF59822028F2CE00CF680D /* viewControllerTwoViewController.swift in Sources */ = {isa = PBXBuildFile; fileRef = 7FBF59812028F2CE00CF680D /* viewControllerTwoViewController.swift */; };
/* End PBXBuildFile section */

/* Begin PBXContainerItemProxy section */
		7FBF59652028EA5D00CF680D /* PBXContainerItemProxy */ = {
			isa = PBXContainerItemProxy;
			containerPortal = 7FBF59482028EA5D00CF680D /* Project object */;
			proxyType = 1;
			remoteGlobalIDString = 7FBF594F2028EA5D00CF680D;
			remoteInfo = HackwichThree;
		};
		7FBF59702028EA5D00CF680D /* PBXContainerItemProxy */ = {
			isa = PBXContainerItemProxy;
			containerPortal = 7FBF59482028EA5D00CF680D /* Project object */;
			proxyType = 1;
			remoteGlobalIDString = 7FBF594F2028EA5D00CF680D;
			remoteInfo = HackwichThree;
		};
/* End PBXContainerItemProxy section */

/* Begin PBXFileReference section */
		7FBF59502028EA5D00CF680D /* HackwichThree.app */ = {isa = PBXFileReference; explicitFileType = wrapper.application; includeInIndex = 0; path = HackwichThree.app; sourceTree = BUILT_PRODUCTS_DIR; };
		7FBF59532028EA5D00CF680D /* AppDelegate.swift */ = {isa = PBXFileReference; lastKnownFileType = sourcecode.swift; path = AppDelegate.swift; sourceTree = "<group>"; };
		7FBF59552028EA5D00CF680D /* ViewController.swift */ = {isa = PBXFileReference; lastKnownFileType = sourcecode.swift; path = ViewController.swift; sourceTree = "<group>"; };
		7FBF59582028EA5D00CF680D /* Base */ = {isa = PBXFileReference; lastKnownFileType = file.storyboard; name = Base; path = Base.lproj/Main.storyboard; sourceTree = "<group>"; };
		7FBF595A2028EA5D00CF680D /* Assets.xcassets */ = {isa = PBXFileReference; lastKnownFileType = folder.assetcatalog; path = Assets.xcassets; sourceTree = "<group>"; };
		7FBF595D2028EA5D00CF680D /* Base */ = {isa = PBXFileReference; lastKnownFileType = file.storyboard; name = Base; path = Base.lproj/LaunchScreen.storyboard; sourceTree = "<group>"; };
		7FBF595F2028EA5D00CF680D /* Info.plist */ = {isa = PBXFileReference; lastKnownFileType = text.plist.xml; path = Info.plist; sourceTree = "<group>"; };
		7FBF59642028EA5D00CF680D /* HackwichThreeTests.xctest */ = {isa = PBXFileReference; explicitFileType = wrapper.cfbundle; includeInIndex = 0; path = HackwichThreeTests.xctest; sourceTree = BUILT_PRODUCTS_DIR; };
		7FBF59682028EA5D00CF680D /* HackwichThreeTests.swift */ = {isa = PBXFileReference; lastKnownFileType = sourcecode.swift; path = HackwichThreeTests.swift; sourceTree = "<group>"; };
		7FBF596A2028EA5D00CF680D /* Info.plist */ = {isa = PBXFileReference; lastKnownFileType = text.plist.xml; path = Info.plist; sourceTree = "<group>"; };
		7FBF596F2028EA5D00CF680D /* HackwichThreeUITests.xctest */ = {isa = PBXFileReference; explicitFileType = wrapper.cfbundle; includeInIndex = 0; path = HackwichThreeUITests.xctest; sourceTree = BUILT_PRODUCTS_DIR; };
		7FBF59732028EA5D00CF680D /* HackwichThreeUITests.swift */ = {isa = PBXFileReference; lastKnownFileType = sourcecode.swift; path = HackwichThreeUITests.swift; sourceTree = "<group>"; };
		7FBF59752028EA5D00CF680D /* Info.plist */ = {isa = PBXFileReference; lastKnownFileType = text.plist.xml; path = Info.plist; sourceTree = "<group>"; };
		7FBF59812028F2CE00CF680D /* viewControllerTwoViewController.swift */ = {isa = PBXFileReference; lastKnownFileType = sourcecode.swift; path = viewControllerTwoViewController.swift; sourceTree = "<group>"; };
/* End PBXFileReference section */

/* Begin PBXFrameworksBuildPhase section */
		7FBF594D2028EA5D00CF680D /* Frameworks */ = {
			isa = PBXFrameworksBuildPhase;
			buildActionMask = 2147483647;
			files = (
			);
			runOnlyForDeploymentPostprocessing = 0;
		};
		7FBF59612028EA5D00CF680D /* Frameworks */ = {
			isa = PBXFrameworksBuildPhase;
			buildActionMask = 2147483647;
			files = (
			);
			runOnlyForDeploymentPostprocessing = 0;
		};
		7FBF596C2028EA5D00CF680D /* Frameworks */ = {
			isa = PBXFrameworksBuildPhase;
			buildActionMask = 2147483647;
			files = (
			);
			runOnlyForDeploymentPostprocessing = 0;
		};
/* End PBXFrameworksBuildPhase section */

/* Begin PBXGroup section */
		7FBF59472028EA5D00CF680D = {
			isa = PBXGroup;
			children = (
				7FBF59522028EA5D00CF680D /* HackwichThree */,
				7FBF59672028EA5D00CF680D /* HackwichThreeTests */,
				7FBF59722028EA5D00CF680D /* HackwichThreeUITests */,
				7FBF59512028EA5D00CF680D /* Products */,
			);
			sourceTree = "<group>";
		};
		7FBF59512028EA5D00CF680D /* Products */ = {
			isa = PBXGroup;
			children = (
				7FBF59502028EA5D00CF680D /* HackwichThree.app */,
				7FBF59642028EA5D00CF680D /* HackwichThreeTests.xctest */,
				7FBF596F2028EA5D00CF680D /* HackwichThreeUITests.xctest */,
			);
			name = Products;
			sourceTree = "<group>";
		};
		7FBF59522028EA5D00CF680D /* HackwichThree */ = {
			isa = PBXGroup;
			children = (
				7FBF59532028EA5D00CF680D /* AppDelegate.swift */,
				7FBF59552028EA5D00CF680D /* ViewController.swift */,
				7FBF59572028EA5D00CF680D /* Main.storyboard */,
				7FBF59812028F2CE00CF680D /* viewControllerTwoViewController.swift */,
				7FBF595A2028EA5D00CF680D /* Assets.xcassets */,
				7FBF595C2028EA5D00CF680D /* LaunchScreen.storyboard */,
				7FBF595F2028EA5D00CF680D /* Info.plist */,
			);
			path = HackwichThree;
			sourceTree = "<group>";
		};
		7FBF59672028EA5D00CF680D /* HackwichThreeTests */ = {
			isa = PBXGroup;
			children = (
				7FBF59682028EA5D00CF680D /* HackwichThreeTests.swift */,
				7FBF596A2028EA5D00CF680D /* Info.plist */,
			);
			path = HackwichThreeTests;
			sourceTree = "<group>";
		};
		7FBF59722028EA5D00CF680D /* HackwichThreeUITests */ = {
			isa = PBXGroup;
			children = (
				7FBF59732028EA5D00CF680D /* HackwichThreeUITests.swift */,
				7FBF59752028EA5D00CF680D /* Info.plist */,
			);
			path = HackwichThreeUITests;
			sourceTree = "<group>";
		};
/* End PBXGroup section */

/* Begin PBXNativeTarget section */
		7FBF594F2028EA5D00CF680D /* HackwichThree */ = {
			isa = PBXNativeTarget;
			buildConfigurationList = 7FBF59782028EA5D00CF680D /* Build configuration list for PBXNativeTarget "HackwichThree" */;
			buildPhases = (
				7FBF594C2028EA5D00CF680D /* Sources */,
				7FBF594D2028EA5D00CF680D /* Frameworks */,
				7FBF594E2028EA5D00CF680D /* Resources */,
			);
			buildRules = (
			);
			dependencies = (
			);
			name = HackwichThree;
			productName = HackwichThree;
			productReference = 7FBF59502028EA5D00CF680D /* HackwichThree.app */;
			productType = "com.apple.product-type.application";
		};
		7FBF59632028EA5D00CF680D /* HackwichThreeTests */ = {
			isa = PBXNativeTarget;
			buildConfigurationList = 7FBF597B2028EA5D00CF680D /* Build configuration list for PBXNativeTarget "HackwichThreeTests" */;
			buildPhases = (
				7FBF59602028EA5D00CF680D /* Sources */,
				7FBF59612028EA5D00CF680D /* Frameworks */,
				7FBF59622028EA5D00CF680D /* Resources */,
			);
			buildRules = (
			);
			dependencies = (
				7FBF59662028EA5D00CF680D /* PBXTargetDependency */,
			);
			name = HackwichThreeTests;
			productName = HackwichThreeTests;
			productReference = 7FBF59642028EA5D00CF680D /* HackwichThreeTests.xctest */;
			productType = "com.apple.product-type.bundle.unit-test";
		};
		7FBF596E2028EA5D00CF680D /* HackwichThreeUITests */ = {
			isa = PBXNativeTarget;
			buildConfigurationList = 7FBF597E2028EA5D00CF680D /* Build configuration list for PBXNativeTarget "HackwichThreeUITests" */;
			buildPhases = (
				7FBF596B2028EA5D00CF680D /* Sources */,
				7FBF596C2028EA5D00CF680D /* Frameworks */,
				7FBF596D2028EA5D00CF680D /* Resources */,
			);
			buildRules = (
			);
			dependencies = (
				7FBF59712028EA5D00CF680D /* PBXTargetDependency */,
			);
			name = HackwichThreeUITests;
			productName = HackwichThreeUITests;
			productReference = 7FBF596F2028EA5D00CF680D /* HackwichThreeUITests.xctest */;
			productType = "com.apple.product-type.bundle.ui-testing";
		};
/* End PBXNativeTarget section */

/* Begin PBXProject section */
		7FBF59482028EA5D00CF680D /* Project object */ = {
			isa = PBXProject;
			attributes = {
				LastSwiftUpdateCheck = 0920;
				LastUpgradeCheck = 0920;
				ORGANIZATIONNAME = UHWO;
				TargetAttributes = {
					7FBF594F2028EA5D00CF680D = {
						CreatedOnToolsVersion = 9.2;
						ProvisioningStyle = Automatic;
					};
					7FBF59632028EA5D00CF680D = {
						CreatedOnToolsVersion = 9.2;
						ProvisioningStyle = Automatic;
						TestTargetID = 7FBF594F2028EA5D00CF680D;
					};
					7FBF596E2028EA5D00CF680D = {
						CreatedOnToolsVersion = 9.2;
						ProvisioningStyle = Automatic;
						TestTargetID = 7FBF594F2028EA5D00CF680D;
					};
				};
			};
			buildConfigurationList = 7FBF594B2028EA5D00CF680D /* Build configuration list for PBXProject "HackwichThree" */;
			compatibilityVersion = "Xcode 8.0";
			developmentRegion = en;
			hasScannedForEncodings = 0;
			knownRegions = (
				en,
				Base,
			);
			mainGroup = 7FBF59472028EA5D00CF680D;
			productRefGroup = 7FBF59512028EA5D00CF680D /* Products */;
			projectDirPath = "";
			projectRoot = "";
			targets = (
				7FBF594F2028EA5D00CF680D /* HackwichThree */,
				7FBF59632028EA5D00CF680D /* HackwichThreeTests */,
				7FBF596E2028EA5D00CF680D /* HackwichThreeUITests */,
			);
		};
/* End PBXProject section */

/* Begin PBXResourcesBuildPhase section */
		7FBF594E2028EA5D00CF680D /* Resources */ = {
			isa = PBXResourcesBuildPhase;
			buildActionMask = 2147483647;
			files = (
				7FBF595E2028EA5D00CF680D /* LaunchScreen.storyboard in Resources */,
				7FBF595B2028EA5D00CF680D /* Assets.xcassets in Resources */,
				7FBF59592028EA5D00CF680D /* Main.storyboard in Resources */,
			);
			runOnlyForDeploymentPostprocessing = 0;
		};
		7FBF59622028EA5D00CF680D /* Resources */ = {
			isa = PBXResourcesBuildPhase;
			buildActionMask = 2147483647;
			files = (
			);
			runOnlyForDeploymentPostprocessing = 0;
		};
		7FBF596D2028EA5D00CF680D /* Resources */ = {
			isa = PBXResourcesBuildPhase;
			buildActionMask = 2147483647;
			files = (
			);
			runOnlyForDeploymentPostprocessing = 0;
		};
/* End PBXResourcesBuildPhase section */

/* Begin PBXSourcesBuildPhase section */
		7FBF594C2028EA5D00CF680D /* Sources */ = {
			isa = PBXSourcesBuildPhase;
			buildActionMask = 2147483647;
			files = (
				7FBF59562028EA5D00CF680D /* ViewController.swift in Sources */,
				7FBF59542028EA5D00CF680D /* AppDelegate.swift in Sources */,
				7FBF59822028F2CE00CF680D /* viewControllerTwoViewController.swift in Sources */,
			);
			runOnlyForDeploymentPostprocessing = 0;
		};
		7FBF59602028EA5D00CF680D /* Sources */ = {
			isa = PBXSourcesBuildPhase;
			buildActionMask = 2147483647;
			files = (
				7FBF59692028EA5D00CF680D /* HackwichThreeTests.swift in Sources */,
			);
			runOnlyForDeploymentPostprocessing = 0;
		};
		7FBF596B2028EA5D00CF680D /* Sources */ = {
			isa = PBXSourcesBuildPhase;
			buildActionMask = 2147483647;
			files = (
				7FBF59742028EA5D00CF680D /* HackwichThreeUITests.swift in Sources */,
			);
			runOnlyForDeploymentPostprocessing = 0;
		};
/* End PBXSourcesBuildPhase section */

/* Begin PBXTargetDependency section */
		7FBF59662028EA5D00CF680D /* PBXTargetDependency */ = {
			isa = PBXTargetDependency;
			target = 7FBF594F2028EA5D00CF680D /* HackwichThree */;
			targetProxy = 7FBF59652028EA5D00CF680D /* PBXContainerItemProxy */;
		};
		7FBF59712028EA5D00CF680D /* PBXTargetDependency */ = {
			isa = PBXTargetDependency;
			target = 7FBF594F2028EA5D00CF680D /* HackwichThree */;
			targetProxy = 7FBF59702028EA5D00CF680D /* PBXContainerItemProxy */;
		};
/* End PBXTargetDependency section */

/* Begin PBXVariantGroup section */
		7FBF59572028EA5D00CF680D /* Main.storyboard */ = {
			isa = PBXVariantGroup;
			children = (
				7FBF59582028EA5D00CF680D /* Base */,
			);
			name = Main.storyboard;
			sourceTree = "<group>";
		};
		7FBF595C2028EA5D00CF680D /* LaunchScreen.storyboard */ = {
			isa = PBXVariantGroup;
			children = (
				7FBF595D2028EA5D00CF680D /* Base */,
			);
			name = LaunchScreen.storyboard;
			sourceTree = "<group>";
		};
/* End PBXVariantGroup section */

/* Begin XCBuildConfiguration section */
		7FBF59762028EA5D00CF680D /* Debug */ = {
			isa = XCBuildConfiguration;
			buildSettings = {
				ALWAYS_SEARCH_USER_PATHS = NO;
				CLANG_ANALYZER_NONNULL = YES;
				CLANG_ANALYZER_NUMBER_OBJECT_CONVERSION = YES_AGGRESSIVE;
				CLANG_CXX_LANGUAGE_STANDARD = "gnu++14";
				CLANG_CXX_LIBRARY = "libc++";
				CLANG_ENABLE_MODULES = YES;
				CLANG_ENABLE_OBJC_ARC = YES;
				CLANG_WARN_BLOCK_CAPTURE_AUTORELEASING = YES;
				CLANG_WARN_BOOL_CONVERSION = YES;
				CLANG_WARN_COMMA = YES;
				CLANG_WARN_CONSTANT_CONVERSION = YES;
				CLANG_WARN_DIRECT_OBJC_ISA_USAGE = YES_ERROR;
				CLANG_WARN_DOCUMENTATION_COMMENTS = YES;
				CLANG_WARN_EMPTY_BODY = YES;
				CLANG_WARN_ENUM_CONVERSION = YES;
				CLANG_WARN_INFINITE_RECURSION = YES;
				CLANG_WARN_INT_CONVERSION = YES;
				CLANG_WARN_NON_LITERAL_NULL_CONVERSION = YES;
				CLANG_WARN_OBJC_LITERAL_CONVERSION = YES;
				CLANG_WARN_OBJC_ROOT_CLASS = YES_ERROR;
				CLANG_WARN_RANGE_LOOP_ANALYSIS = YES;
				CLANG_WARN_STRICT_PROTOTYPES = YES;
				CLANG_WARN_SUSPICIOUS_MOVE = YES;
				CLANG_WARN_UNGUARDED_AVAILABILITY = YES_AGGRESSIVE;
				CLANG_WARN_UNREACHABLE_CODE = YES;
				CLANG_WARN__DUPLICATE_METHOD_MATCH = YES;
				CODE_SIGN_IDENTITY = "iPhone Developer";
				COPY_PHASE_STRIP = NO;
				DEBUG_INFORMATION_FORMAT = dwarf;
				ENABLE_STRICT_OBJC_MSGSEND = YES;
				ENABLE_TESTABILITY = YES;
				GCC_C_LANGUAGE_STANDARD = gnu11;
				GCC_DYNAMIC_NO_PIC = NO;
				GCC_NO_COMMON_BLOCKS = YES;
				GCC_OPTIMIZATION_LEVEL = 0;
				GCC_PREPROCESSOR_DEFINITIONS = (
					"DEBUG=1",
					"$(inherited)",
				);
				GCC_WARN_64_TO_32_BIT_CONVERSION = YES;
				GCC_WARN_ABOUT_RETURN_TYPE = YES_ERROR;
				GCC_WARN_UNDECLARED_SELECTOR = YES;
				GCC_WARN_UNINITIALIZED_AUTOS = YES_AGGRESSIVE;
				GCC_WARN_UNUSED_FUNCTION = YES;
				GCC_WARN_UNUSED_VARIABLE = YES;
				IPHONEOS_DEPLOYMENT_TARGET = 11.2;
				MTL_ENABLE_DEBUG_INFO = YES;
				ONLY_ACTIVE_ARCH = YES;
				SDKROOT = iphoneos;
				SWIFT_ACTIVE_COMPILATION_CONDITIONS = DEBUG;
				SWIFT_OPTIMIZATION_LEVEL = "-Onone";
			};
			name = Debug;
		};
		7FBF59772028EA5D00CF680D /* Release */ = {
			isa = XCBuildConfiguration;
			buildSettings = {
				ALWAYS_SEARCH_USER_PATHS = NO;
				CLANG_ANALYZER_NONNULL = YES;
				CLANG_ANALYZER_NUMBER_OBJECT_CONVERSION = YES_AGGRESSIVE;
				CLANG_CXX_LANGUAGE_STANDARD = "gnu++14";
				CLANG_CXX_LIBRARY = "libc++";
				CLANG_ENABLE_MODULES = YES;
				CLANG_ENABLE_OBJC_ARC = YES;
				CLANG_WARN_BLOCK_CAPTURE_AUTORELEASING = YES;
				CLANG_WARN_BOOL_CONVERSION = YES;
				CLANG_WARN_COMMA = YES;
				CLANG_WARN_CONSTANT_CONVERSION = YES;
				CLANG_WARN_DIRECT_OBJC_ISA_USAGE = YES_ERROR;
				CLANG_WARN_DOCUMENTATION_COMMENTS = YES;
				CLANG_WARN_EMPTY_BODY = YES;
				CLANG_WARN_ENUM_CONVERSION = YES;
				CLANG_WARN_INFINITE_RECURSION = YES;
				CLANG_WARN_INT_CONVERSION = YES;
				CLANG_WARN_NON_LITERAL_NULL_CONVERSION = YES;
				CLANG_WARN_OBJC_LITERAL_CONVERSION = YES;
				CLANG_WARN_OBJC_ROOT_CLASS = YES_ERROR;
				CLANG_WARN_RANGE_LOOP_ANALYSIS = YES;
				CLANG_WARN_STRICT_PROTOTYPES = YES;
				CLANG_WARN_SUSPICIOUS_MOVE = YES;
				CLANG_WARN_UNGUARDED_AVAILABILITY = YES_AGGRESSIVE;
				CLANG_WARN_UNREACHABLE_CODE = YES;
				CLANG_WARN__DUPLICATE_METHOD_MATCH = YES;
				CODE_SIGN_IDENTITY = "iPhone Developer";
				COPY_PHASE_STRIP = NO;
				DEBUG_INFORMATION_FORMAT = "dwarf-with-dsym";
				ENABLE_NS_ASSERTIONS = NO;
				ENABLE_STRICT_OBJC_MSGSEND = YES;
				GCC_C_LANGUAGE_STANDARD = gnu11;
				GCC_NO_COMMON_BLOCKS = YES;
				GCC_WARN_64_TO_32_BIT_CONVERSION = YES;
				GCC_WARN_ABOUT_RETURN_TYPE = YES_ERROR;
				GCC_WARN_UNDECLARED_SELECTOR = YES;
				GCC_WARN_UNINITIALIZED_AUTOS = YES_AGGRESSIVE;
				GCC_WARN_UNUSED_FUNCTION = YES;
				GCC_WARN_UNUSED_VARIABLE = YES;
				IPHONEOS_DEPLOYMENT_TARGET = 11.2;
				MTL_ENABLE_DEBUG_INFO = NO;
				SDKROOT = iphoneos;
				SWIFT_OPTIMIZATION_LEVEL = "-Owholemodule";
				VALIDATE_PRODUCT = YES;
			};
			name = Release;
		};
		7FBF59792028EA5D00CF680D /* Debug */ = {
			isa = XCBuildConfiguration;
			buildSettings = {
				ASSETCATALOG_COMPILER_APPICON_NAME = AppIcon;
				CODE_SIGN_STYLE = Automatic;
				INFOPLIST_FILE = HackwichThree/Info.plist;
				LD_RUNPATH_SEARCH_PATHS = "$(inherited) @executable_path/Frameworks";
				PRODUCT_BUNDLE_IDENTIFIER = UHWO.HackwichThree;
				PRODUCT_NAME = "$(TARGET_NAME)";
				SWIFT_VERSION = 4.0;
				TARGETED_DEVICE_FAMILY = "1,2";
			};
			name = Debug;
		};
		7FBF597A2028EA5D00CF680D /* Release */ = {
			isa = XCBuildConfiguration;
			buildSettings = {
				ASSETCATALOG_COMPILER_APPICON_NAME = AppIcon;
				CODE_SIGN_STYLE = Automatic;
				INFOPLIST_FILE = HackwichThree/Info.plist;
				LD_RUNPATH_SEARCH_PATHS = "$(inherited) @executable_path/Frameworks";
				PRODUCT_BUNDLE_IDENTIFIER = UHWO.HackwichThree;
				PRODUCT_NAME = "$(TARGET_NAME)";
				SWIFT_VERSION = 4.0;
				TARGETED_DEVICE_FAMILY = "1,2";
			};
			name = Release;
		};
		7FBF597C2028EA5D00CF680D /* Debug */ = {
			isa = XCBuildConfiguration;
			buildSettings = {
				ALWAYS_EMBED_SWIFT_STANDARD_LIBRARIES = YES;
				BUNDLE_LOADER = "$(TEST_HOST)";
				CODE_SIGN_STYLE = Automatic;
				INFOPLIST_FILE = HackwichThreeTests/Info.plist;
				LD_RUNPATH_SEARCH_PATHS = "$(inherited) @executable_path/Frameworks @loader_path/Frameworks";
				PRODUCT_BUNDLE_IDENTIFIER = UHWO.HackwichThreeTests;
				PRODUCT_NAME = "$(TARGET_NAME)";
				SWIFT_VERSION = 4.0;
				TARGETED_DEVICE_FAMILY = "1,2";
				TEST_HOST = "$(BUILT_PRODUCTS_DIR)/HackwichThree.app/HackwichThree";
			};
			name = Debug;
		};
		7FBF597D2028EA5D00CF680D /* Release */ = {
			isa = XCBuildConfiguration;
			buildSettings = {
				ALWAYS_EMBED_SWIFT_STANDARD_LIBRARIES = YES;
				BUNDLE_LOADER = "$(TEST_HOST)";
				CODE_SIGN_STYLE = Automatic;
				INFOPLIST_FILE = HackwichThreeTests/Info.plist;
				LD_RUNPATH_SEARCH_PATHS = "$(inherited) @executable_path/Frameworks @loader_path/Frameworks";
				PRODUCT_BUNDLE_IDENTIFIER = UHWO.HackwichThreeTests;
				PRODUCT_NAME = "$(TARGET_NAME)";
				SWIFT_VERSION = 4.0;
				TARGETED_DEVICE_FAMILY = "1,2";
				TEST_HOST = "$(BUILT_PRODUCTS_DIR)/HackwichThree.app/HackwichThree";
			};
			name = Release;
		};
		7FBF597F2028EA5D00CF680D /* Debug */ = {
			isa = XCBuildConfiguration;
			buildSettings = {
				ALWAYS_EMBED_SWIFT_STANDARD_LIBRARIES = YES;
				CODE_SIGN_STYLE = Automatic;
				INFOPLIST_FILE = HackwichThreeUITests/Info.plist;
				LD_RUNPATH_SEARCH_PATHS = "$(inherited) @executable_path/Frameworks @loader_path/Frameworks";
				PRODUCT_BUNDLE_IDENTIFIER = UHWO.HackwichThreeUITests;
				PRODUCT_NAME = "$(TARGET_NAME)";
				SWIFT_VERSION = 4.0;
				TARGETED_DEVICE_FAMILY = "1,2";
				TEST_TARGET_NAME = HackwichThree;
			};
			name = Debug;
		};
		7FBF59802028EA5D00CF680D /* Release */ = {
			isa = XCBuildConfiguration;
			buildSettings = {
				ALWAYS_EMBED_SWIFT_STANDARD_LIBRARIES = YES;
				CODE_SIGN_STYLE = Automatic;
				INFOPLIST_FILE = HackwichThreeUITests/Info.plist;
				LD_RUNPATH_SEARCH_PATHS = "$(inherited) @executable_path/Frameworks @loader_path/Frameworks";
				PRODUCT_BUNDLE_IDENTIFIER = UHWO.HackwichThreeUITests;
				PRODUCT_NAME = "$(TARGET_NAME)";
				SWIFT_VERSION = 4.0;
				TARGETED_DEVICE_FAMILY = "1,2";
				TEST_TARGET_NAME = HackwichThree;
			};
			name = Release;
		};
/* End XCBuildConfiguration section */

/* Begin XCConfigurationList section */
		7FBF594B2028EA5D00CF680D /* Build configuration list for PBXProject "HackwichThree" */ = {
			isa = XCConfigurationList;
			buildConfigurations = (
				7FBF59762028EA5D00CF680D /* Debug */,
				7FBF59772028EA5D00CF680D /* Release */,
			);
			defaultConfigurationIsVisible = 0;
			defaultConfigurationName = Release;
		};
		7FBF59782028EA5D00CF680D /* Build configuration list for PBXNativeTarget "HackwichThree" */ = {
			isa = XCConfigurationList;
			buildConfigurations = (
				7FBF59792028EA5D00CF680D /* Debug */,
				7FBF597A2028EA5D00CF680D /* Release */,
			);
			defaultConfigurationIsVisible = 0;
			defaultConfigurationName = Release;
		};
		7FBF597B2028EA5D00CF680D /* Build configuration list for PBXNativeTarget "HackwichThreeTests" */ = {
			isa = XCConfigurationList;
			buildConfigurations = (
				7FBF597C2028EA5D00CF680D /* Debug */,
				7FBF597D2028EA5D00CF680D /* Release */,
			);
			defaultConfigurationIsVisible = 0;
			defaultConfigurationName = Release;
		};
		7FBF597E2028EA5D00CF680D /* Build configuration list for PBXNativeTarget "HackwichThreeUITests" */ = {
			isa = XCConfigurationList;
			buildConfigurations = (
				7FBF597F2028EA5D00CF680D /* Debug */,
				7FBF59802028EA5D00CF680D /* Release */,
			);
			defaultConfigurationIsVisible = 0;
			defaultConfigurationName = Release;
		};
/* End XCConfigurationList section */
	};
	rootObject = 7FBF59482028EA5D00CF680D /* Project object */;
}
